// !$*UTF8*$!
{
	archiveVersion = 1;
	classes = {
	};
	objectVersion = 46;
	objects = {

/* Begin PBXBuildFile section */
		714F5FEE1DB2DB9500AD134D /* RoomsTableViewController.swift in Sources */ = {isa = PBXBuildFile; fileRef = 714F5FED1DB2DB9500AD134D /* RoomsTableViewController.swift */; };
		714F5FF21DB2DC0100AD134D /* Room.swift in Sources */ = {isa = PBXBuildFile; fileRef = 714F5FF11DB2DC0100AD134D /* Room.swift */; };
		791C230C1DB29EC700BC7747 /* MapKit.framework in Frameworks */ = {isa = PBXBuildFile; fileRef = 791C230B1DB29EC700BC7747 /* MapKit.framework */; };
		799A67B51DB2BE3D0071B05F /* UserLogin.swift in Sources */ = {isa = PBXBuildFile; fileRef = 799A67B41DB2BE3D0071B05F /* UserLogin.swift */; };
		799A67B71DB2BE400071B05F /* User.swift in Sources */ = {isa = PBXBuildFile; fileRef = 799A67B61DB2BE400071B05F /* User.swift */; };
		799A67B91DB2BE420071B05F /* LoginViewController.swift in Sources */ = {isa = PBXBuildFile; fileRef = 799A67B81DB2BE420071B05F /* LoginViewController.swift */; };
		79DCEB691DB02C64003D5910 /* AppDelegate.swift in Sources */ = {isa = PBXBuildFile; fileRef = 79DCEB681DB02C64003D5910 /* AppDelegate.swift */; };
		79DCEB6B1DB02C64003D5910 /* ViewController.swift in Sources */ = {isa = PBXBuildFile; fileRef = 79DCEB6A1DB02C64003D5910 /* ViewController.swift */; };
		79DCEB6E1DB02C64003D5910 /* Main.storyboard in Resources */ = {isa = PBXBuildFile; fileRef = 79DCEB6C1DB02C64003D5910 /* Main.storyboard */; };
		79DCEB701DB02C64003D5910 /* Assets.xcassets in Resources */ = {isa = PBXBuildFile; fileRef = 79DCEB6F1DB02C64003D5910 /* Assets.xcassets */; };
		79DCEB731DB02C64003D5910 /* LaunchScreen.storyboard in Resources */ = {isa = PBXBuildFile; fileRef = 79DCEB711DB02C64003D5910 /* LaunchScreen.storyboard */; };
/* End PBXBuildFile section */

/* Begin PBXFileReference section */
		714F5FED1DB2DB9500AD134D /* RoomsTableViewController.swift */ = {isa = PBXFileReference; fileEncoding = 4; lastKnownFileType = sourcecode.swift; path = RoomsTableViewController.swift; sourceTree = "<group>"; };
		714F5FF11DB2DC0100AD134D /* Room.swift */ = {isa = PBXFileReference; fileEncoding = 4; lastKnownFileType = sourcecode.swift; path = Room.swift; sourceTree = "<group>"; };
		791C230B1DB29EC700BC7747 /* MapKit.framework */ = {isa = PBXFileReference; lastKnownFileType = wrapper.framework; name = MapKit.framework; path = System/Library/Frameworks/MapKit.framework; sourceTree = SDKROOT; };
		799A67B41DB2BE3D0071B05F /* UserLogin.swift */ = {isa = PBXFileReference; fileEncoding = 4; lastKnownFileType = sourcecode.swift; path = UserLogin.swift; sourceTree = "<group>"; };
		799A67B61DB2BE400071B05F /* User.swift */ = {isa = PBXFileReference; fileEncoding = 4; lastKnownFileType = sourcecode.swift; path = User.swift; sourceTree = "<group>"; };
		799A67B81DB2BE420071B05F /* LoginViewController.swift */ = {isa = PBXFileReference; fileEncoding = 4; lastKnownFileType = sourcecode.swift; path = LoginViewController.swift; sourceTree = "<group>"; };
		79DCEB651DB02C64003D5910 /* Hackrice.app */ = {isa = PBXFileReference; explicitFileType = wrapper.application; includeInIndex = 0; path = Hackrice.app; sourceTree = BUILT_PRODUCTS_DIR; };
		79DCEB681DB02C64003D5910 /* AppDelegate.swift */ = {isa = PBXFileReference; lastKnownFileType = sourcecode.swift; path = AppDelegate.swift; sourceTree = "<group>"; };
		79DCEB6A1DB02C64003D5910 /* ViewController.swift */ = {isa = PBXFileReference; lastKnownFileType = sourcecode.swift; path = ViewController.swift; sourceTree = "<group>"; };
		79DCEB6D1DB02C64003D5910 /* Base */ = {isa = PBXFileReference; lastKnownFileType = file.storyboard; name = Base; path = Base.lproj/Main.storyboard; sourceTree = "<group>"; };
		79DCEB6F1DB02C64003D5910 /* Assets.xcassets */ = {isa = PBXFileReference; lastKnownFileType = folder.assetcatalog; path = Assets.xcassets; sourceTree = "<group>"; };
		79DCEB721DB02C64003D5910 /* Base */ = {isa = PBXFileReference; lastKnownFileType = file.storyboard; name = Base; path = Base.lproj/LaunchScreen.storyboard; sourceTree = "<group>"; };
		79DCEB741DB02C64003D5910 /* Info.plist */ = {isa = PBXFileReference; lastKnownFileType = text.plist.xml; path = Info.plist; sourceTree = "<group>"; };
/* End PBXFileReference section */

/* Begin PBXFrameworksBuildPhase section */
		79DCEB621DB02C64003D5910 /* Frameworks */ = {
			isa = PBXFrameworksBuildPhase;
			buildActionMask = 2147483647;
			files = (
				791C230C1DB29EC700BC7747 /* MapKit.framework in Frameworks */,
			);
			runOnlyForDeploymentPostprocessing = 0;
		};
/* End PBXFrameworksBuildPhase section */

/* Begin PBXGroup section */
		791C230A1DB29EC700BC7747 /* Frameworks */ = {
			isa = PBXGroup;
			children = (
				791C230B1DB29EC700BC7747 /* MapKit.framework */,
			);
			name = Frameworks;
			sourceTree = "<group>";
		};
		79DCEB5C1DB02C64003D5910 = {
			isa = PBXGroup;
			children = (
				79DCEB671DB02C64003D5910 /* Hackrice */,
				79DCEB661DB02C64003D5910 /* Products */,
				791C230A1DB29EC700BC7747 /* Frameworks */,
			);
			sourceTree = "<group>";
		};
		79DCEB661DB02C64003D5910 /* Products */ = {
			isa = PBXGroup;
			children = (
				79DCEB651DB02C64003D5910 /* Hackrice.app */,
			);
			name = Products;
			sourceTree = "<group>";
		};
		79DCEB671DB02C64003D5910 /* Hackrice */ = {
			isa = PBXGroup;
			children = (
				79DCEB681DB02C64003D5910 /* AppDelegate.swift */,
				79DCEB6A1DB02C64003D5910 /* ViewController.swift */,
				799A67B41DB2BE3D0071B05F /* UserLogin.swift */,
				799A67B61DB2BE400071B05F /* User.swift */,
				799A67B81DB2BE420071B05F /* LoginViewController.swift */,
				79DCEB6C1DB02C64003D5910 /* Main.storyboard */,
				79DCEB6F1DB02C64003D5910 /* Assets.xcassets */,
				79DCEB711DB02C64003D5910 /* LaunchScreen.storyboard */,
				79DCEB741DB02C64003D5910 /* Info.plist */,
				714F5FED1DB2DB9500AD134D /* RoomsTableViewController.swift */,
				714F5FF11DB2DC0100AD134D /* Room.swift */,
			);
			path = Hackrice;
			sourceTree = "<group>";
		};
/* End PBXGroup section */

/* Begin PBXNativeTarget section */
		79DCEB641DB02C64003D5910 /* Hackrice */ = {
			isa = PBXNativeTarget;
			buildConfigurationList = 79DCEB771DB02C64003D5910 /* Build configuration list for PBXNativeTarget "Hackrice" */;
			buildPhases = (
				79DCEB611DB02C64003D5910 /* Sources */,
				79DCEB621DB02C64003D5910 /* Frameworks */,
				79DCEB631DB02C64003D5910 /* Resources */,
			);
			buildRules = (
			);
			dependencies = (
			);
			name = Hackrice;
			productName = Hackrice;
			productReference = 79DCEB651DB02C64003D5910 /* Hackrice.app */;
			productType = "com.apple.product-type.application";
		};
/* End PBXNativeTarget section */

/* Begin PBXProject section */
		79DCEB5D1DB02C64003D5910 /* Project object */ = {
			isa = PBXProject;
			attributes = {
				LastSwiftUpdateCheck = 0800;
				LastUpgradeCheck = 0800;
				ORGANIZATIONNAME = "Rice Competition";
				TargetAttributes = {
					79DCEB641DB02C64003D5910 = {
						CreatedOnToolsVersion = 8.0;
						ProvisioningStyle = Automatic;
						SystemCapabilities = {
							com.apple.Maps.iOS = {
								enabled = 1;
							};
						};
					};
				};
			};
			buildConfigurationList = 79DCEB601DB02C64003D5910 /* Build configuration list for PBXProject "Hackrice" */;
			compatibilityVersion = "Xcode 3.2";
			developmentRegion = English;
			hasScannedForEncodings = 0;
			knownRegions = (
				en,
				Base,
			);
			mainGroup = 79DCEB5C1DB02C64003D5910;
			productRefGroup = 79DCEB661DB02C64003D5910 /* Products */;
			projectDirPath = "";
			projectRoot = "";
			targets = (
				79DCEB641DB02C64003D5910 /* Hackrice */,
			);
		};
/* End PBXProject section */

/* Begin PBXResourcesBuildPhase section */
		79DCEB631DB02C64003D5910 /* Resources */ = {
			isa = PBXResourcesBuildPhase;
			buildActionMask = 2147483647;
			files = (
				79DCEB731DB02C64003D5910 /* LaunchScreen.storyboard in Resources */,
				79DCEB701DB02C64003D5910 /* Assets.xcassets in Resources */,
				79DCEB6E1DB02C64003D5910 /* Main.storyboard in Resources */,
			);
			runOnlyForDeploymentPostprocessing = 0;
		};
/* End PBXResourcesBuildPhase section */

/* Begin PBXSourcesBuildPhase section */
		79DCEB611DB02C64003D5910 /* Sources */ = {
			isa = PBXSourcesBuildPhase;
			buildActionMask = 2147483647;
			files = (
				714F5FEE1DB2DB9500AD134D /* RoomsTableViewController.swift in Sources */,
				799A67B71DB2BE400071B05F /* User.swift in Sources */,
				79DCEB6B1DB02C64003D5910 /* ViewController.swift in Sources */,
				714F5FF21DB2DC0100AD134D /* Room.swift in Sources */,
				79DCEB691DB02C64003D5910 /* AppDelegate.swift in Sources */,
				799A67B91DB2BE420071B05F /* LoginViewController.swift in Sources */,
				799A67B51DB2BE3D0071B05F /* UserLogin.swift in Sources */,
			);
			runOnlyForDeploymentPostprocessing = 0;
		};
/* End PBXSourcesBuildPhase section */

/* Begin PBXVariantGroup section */
		79DCEB6C1DB02C64003D5910 /* Main.storyboard */ = {
			isa = PBXVariantGroup;
			children = (
				79DCEB6D1DB02C64003D5910 /* Base */,
			);
			name = Main.storyboard;
			sourceTree = "<group>";
		};
		79DCEB711DB02C64003D5910 /* LaunchScreen.storyboard */ = {
			isa = PBXVariantGroup;
			children = (
				79DCEB721DB02C64003D5910 /* Base */,
			);
			name = LaunchScreen.storyboard;
			sourceTree = "<group>";
		};
/* End PBXVariantGroup section */

/* Begin XCBuildConfiguration section */
		79DCEB751DB02C64003D5910 /* Debug */ = {
			isa = XCBuildConfiguration;
			buildSettings = {
				ALWAYS_SEARCH_USER_PATHS = NO;
				CLANG_ANALYZER_NONNULL = YES;
				CLANG_CXX_LANGUAGE_STANDARD = "gnu++0x";
				CLANG_CXX_LIBRARY = "libc++";
				CLANG_ENABLE_MODULES = YES;
				CLANG_ENABLE_OBJC_ARC = YES;
				CLANG_WARN_BOOL_CONVERSION = YES;
				CLANG_WARN_CONSTANT_CONVERSION = YES;
				CLANG_WARN_DIRECT_OBJC_ISA_USAGE = YES_ERROR;
				CLANG_WARN_DOCUMENTATION_COMMENTS = YES;
				CLANG_WARN_EMPTY_BODY = YES;
				CLANG_WARN_ENUM_CONVERSION = YES;
				CLANG_WARN_INFINITE_RECURSION = YES;
				CLANG_WARN_INT_CONVERSION = YES;
				CLANG_WARN_OBJC_ROOT_CLASS = YES_ERROR;
				CLANG_WARN_SUSPICIOUS_MOVES = YES;
				CLANG_WARN_UNREACHABLE_CODE = YES;
				CLANG_WARN__DUPLICATE_METHOD_MATCH = YES;
				"CODE_SIGN_IDENTITY[sdk=iphoneos*]" = "iPhone Developer";
				COPY_PHASE_STRIP = NO;
				DEBUG_INFORMATION_FORMAT = dwarf;
				ENABLE_STRICT_OBJC_MSGSEND = YES;
				ENABLE_TESTABILITY = YES;
				GCC_C_LANGUAGE_STANDARD = gnu99;
				GCC_DYNAMIC_NO_PIC = NO;
				GCC_NO_COMMON_BLOCKS = YES;
				GCC_OPTIMIZATION_LEVEL = 0;
				GCC_PREPROCESSOR_DEFINITIONS = (
					"DEBUG=1",
					"$(inherited)",
				);
				GCC_WARN_64_TO_32_BIT_CONVERSION = YES;
				GCC_WARN_ABOUT_RETURN_TYPE = YES_ERROR;
				GCC_WARN_UNDECLARED_SELECTOR = YES;
				GCC_WARN_UNINITIALIZED_AUTOS = YES_AGGRESSIVE;
				GCC_WARN_UNUSED_FUNCTION = YES;
				GCC_WARN_UNUSED_VARIABLE = YES;
				IPHONEOS_DEPLOYMENT_TARGET = 10.0;
				MTL_ENABLE_DEBUG_INFO = YES;
				ONLY_ACTIVE_ARCH = YES;
				SDKROOT = iphoneos;
				SWIFT_ACTIVE_COMPILATION_CONDITIONS = DEBUG;
				SWIFT_OPTIMIZATION_LEVEL = "-Onone";
			};
			name = Debug;
		};
		79DCEB761DB02C64003D5910 /* Release */ = {
			isa = XCBuildConfiguration;
			buildSettings = {
				ALWAYS_SEARCH_USER_PATHS = NO;
				CLANG_ANALYZER_NONNULL = YES;
				CLANG_CXX_LANGUAGE_STANDARD = "gnu++0x";
				CLANG_CXX_LIBRARY = "libc++";
				CLANG_ENABLE_MODULES = YES;
				CLANG_ENABLE_OBJC_ARC = YES;
				CLANG_WARN_BOOL_CONVERSION = YES;
				CLANG_WARN_CONSTANT_CONVERSION = YES;
				CLANG_WARN_DIRECT_OBJC_ISA_USAGE = YES_ERROR;
				CLANG_WARN_DOCUMENTATION_COMMENTS = YES;
				CLANG_WARN_EMPTY_BODY = YES;
				CLANG_WARN_ENUM_CONVERSION = YES;
				CLANG_WARN_INFINITE_RECURSION = YES;
				CLANG_WARN_INT_CONVERSION = YES;
				CLANG_WARN_OBJC_ROOT_CLASS = YES_ERROR;
				CLANG_WARN_SUSPICIOUS_MOVES = YES;
				CLANG_WARN_UNREACHABLE_CODE = YES;
				CLANG_WARN__DUPLICATE_METHOD_MATCH = YES;
				"CODE_SIGN_IDENTITY[sdk=iphoneos*]" = "iPhone Developer";
				COPY_PHASE_STRIP = NO;
				DEBUG_INFORMATION_FORMAT = "dwarf-with-dsym";
				ENABLE_NS_ASSERTIONS = NO;
				ENABLE_STRICT_OBJC_MSGSEND = YES;
				GCC_C_LANGUAGE_STANDARD = gnu99;
				GCC_NO_COMMON_BLOCKS = YES;
				GCC_WARN_64_TO_32_BIT_CONVERSION = YES;
				GCC_WARN_ABOUT_RETURN_TYPE = YES_ERROR;
				GCC_WARN_UNDECLARED_SELECTOR = YES;
				GCC_WARN_UNINITIALIZED_AUTOS = YES_AGGRESSIVE;
				GCC_WARN_UNUSED_FUNCTION = YES;
				GCC_WARN_UNUSED_VARIABLE = YES;
				IPHONEOS_DEPLOYMENT_TARGET = 10.0;
				MTL_ENABLE_DEBUG_INFO = NO;
				SDKROOT = iphoneos;
				SWIFT_OPTIMIZATION_LEVEL = "-Owholemodule";
				VALIDATE_PRODUCT = YES;
			};
			name = Release;
		};
		79DCEB781DB02C64003D5910 /* Debug */ = {
			isa = XCBuildConfiguration;
			buildSettings = {
				ASSETCATALOG_COMPILER_APPICON_NAME = AppIcon;
				DEVELOPMENT_TEAM = "";
				INFOPLIST_FILE = Hackrice/Info.plist;
				LD_RUNPATH_SEARCH_PATHS = "$(inherited) @executable_path/Frameworks";
				PRODUCT_BUNDLE_IDENTIFIER = com.Hackathon.Hackrice;
				PRODUCT_NAME = "$(TARGET_NAME)";
				SWIFT_VERSION = 3.0;
			};
			name = Debug;
		};
		79DCEB791DB02C64003D5910 /* Release */ = {
			isa = XCBuildConfiguration;
			buildSettings = {
				ASSETCATALOG_COMPILER_APPICON_NAME = AppIcon;
				DEVELOPMENT_TEAM = "";
				INFOPLIST_FILE = Hackrice/Info.plist;
				LD_RUNPATH_SEARCH_PATHS = "$(inherited) @executable_path/Frameworks";
				PRODUCT_BUNDLE_IDENTIFIER = com.Hackathon.Hackrice;
				PRODUCT_NAME = "$(TARGET_NAME)";
				SWIFT_VERSION = 3.0;
			};
			name = Release;
		};
/* End XCBuildConfiguration section */

/* Begin XCConfigurationList section */
		79DCEB601DB02C64003D5910 /* Build configuration list for PBXProject "Hackrice" */ = {
			isa = XCConfigurationList;
			buildConfigurations = (
				79DCEB751DB02C64003D5910 /* Debug */,
				79DCEB761DB02C64003D5910 /* Release */,
			);
			defaultConfigurationIsVisible = 0;
			defaultConfigurationName = Release;
		};
		79DCEB771DB02C64003D5910 /* Build configuration list for PBXNativeTarget "Hackrice" */ = {
			isa = XCConfigurationList;
			buildConfigurations = (
				79DCEB781DB02C64003D5910 /* Debug */,
				79DCEB791DB02C64003D5910 /* Release */,
			);
			defaultConfigurationIsVisible = 0;
			defaultConfigurationName = Release;
		};
/* End XCConfigurationList section */
	};
	rootObject = 79DCEB5D1DB02C64003D5910 /* Project object */;
}
